github.com/353solutions/carrow v0.0.0-20190418185039-d3606fcde9f4 h1:WYLcbrpggRsH+tXjlCcpUWuTKIF7U1TS7981IvyS0ls=
github.com/353solutions/carrow v0.0.0-20190418185039-d3606fcde9f4/go.mod h1:E/EdjdTeYuqquk9nI65H4WZBlnwBscxlGnHpBV8m+7w=
github.com/davecgh/go-spew v1.1.0/go.mod h1:J7Y8YcW2NihsgmVo/mv3lAwl/skON4iLHjSsI+c5H38=
github.com/pmezard/go-difflib v1.0.0/go.mod h1:iKH77koFhYxTK1pcRnkKkqfTogsbg7gZNVY4sRDYZ/4=
github.com/stretchr/objx v0.1.0/go.mod h1:HFkY916IF+rwdDfMAkV7OtwuqBVzrE8GR6GFx+wExME=
github.com/stretchr/testify v1.3.0/go.mod h1:M5WIy9Dh21IEIfnGCwXGc5bZfKNJtfHm1UVUgZn+9EI=
